dependencies:
- name: prometheus
  repository: https://prometheus-community.github.io/helm-charts
  version: 15.4.0
- name: grafana
  repository: https://charts.bitnami.com/bitnami
  version: 7.6.15
digest: sha256:e502b00038eab507d8d6dad5b05789394116d413e542e2c902c98e29f4099be2
generated: "2022-02-28T13:05:04.336812+01:00"
